github.com/chzyer/logex v1.1.10/go.mod h1:+Ywpsq7O8HXn0nuIou7OrIPyXbp3wmkHB+jjWRnGsAI=
github.com/chzyer/readline v0.0.0-20180603132655-2972be24d48e/go.mod h1:nSuG5e5PlCu98SY8svDHJxuZscDgtXS6KTTbou5AhLI=
github.com/chzyer/test v0.0.0-20180213035817-a1ea475d72b1/go.mod h1:Q3SI9o4m/ZMnBNeIyt5eFwwo7qiLfzFZmjNmxjkiQlU=
github.com/schwarzlichtbezirk/mmap-go v1.0.2 h1:pIzfgOBNy125nODU4lUf+EyIcAEDHBu7IQIyeAki58g=
github.com/schwarzlichtbezirk/mmap-go v1.0.2/go.mod h1:UilLJZT21JuposL5lHbGELCLU77LfEh34unT3DbmiqA=
github.com/yuin/gopher-lua v0.0.0-20210529063254-f4c35e4016d9 h1:k/gmLsJDWwWqbLCur2yWnJzwQEKRcAHXo6seXGuSwWw=
github.com/yuin/gopher-lua v0.0.0-20210529063254-f4c35e4016d9/go.mod h1:E1AXubJBdNmFERAOucpDIxNzeGfLzg0mYh+UfMWdChA=
github.com/yuin/gopher-lua v0.0.0-20220413183635-c841877397d8 h1:YZGz13Wg1lXFpptej1c6fX22klQk4S9NaC6fiiu+kC0=
github.com/yuin/gopher-lua v0.0.0-20220413183635-c841877397d8/go.mod h1:E1AXubJBdNmFERAOucpDIxNzeGfLzg0mYh+UfMWdChA=
golang.org/x/sys v0.0.0-20190204203706-41f3e6584952/go.mod h1:STP8DvDyc/dI5b8T5hshtkjS+E42TnysNCUPdjciGhY=
golang.org/x/sys v0.0.0-20210324051608-47abb6519492 h1:Paq34FxTluEPvVyayQqMPgHm+vTOrIifmcYxFBx9TLg=
golang.org/x/sys v0.0.0-20210324051608-47abb6519492/go.mod h1:h1NjWce9XRLGQEsW7wpKNCjG9DtNlClVuFLEZdDNbEs=
golang.org/x/sys v0.0.0-20211216021012-1d35b9e2eb4e h1:fLOSk5Q00efkSvAm+4xcoXD+RRmLmmulPn5I3Y9F2EM=
golang.org/x/sys v0.0.0-20211216021012-1d35b9e2eb4e/go.mod h1:oPkhp1MJrh7nUepCBck5+mAzfO9JrbApNNgaTdGDITg=
golang.org/x/sys v0.0.0-20220227234510-4e6760a101f9 h1:nhht2DYV/Sn3qOayu8lM+cU1ii9sTLUeBQwQQfUHtrs=
golang.org/x/sys v0.0.0-20220227234510-4e6760a101f9/go.mod h1:oPkhp1MJrh7nUepCBck5+mAzfO9JrbApNNgaTdGDITg=
golang.org/x/sys v0.0.0-20220412211240-33da011f77ad h1:ntjMns5wyP/fN65tdBD4g8J5w8n015+iIIs9rtjXkY0=
golang.org/x/sys v0.0.0-20220412211240-33da011f77ad/go.mod h1:oPkhp1MJrh7nUepCBck5+mAzfO9JrbApNNgaTdGDITg=
