github.com/edsrzf/mmap-go v1.1.0 h1:6EUwBLQ/Mcr1EYLE4Tn1VdW1A4ckqCQWZBw8Hr0kjpQ=
github.com/edsrzf/mmap-go v1.1.0/go.mod h1:19H/e8pUPLicwkyNgOykDXkJ9F0MHE+Z52B8EIth78Q=
github.com/h2non/filetype v1.1.3 h1:FKkx9QbD7HR/zjK1Ia5XiBsq9zdLi5Kf3zGyFTAFkGg=
github.com/h2non/filetype v1.1.3/go.mod h1:319b3zT68BvV+WRj7cwy856M2ehB3HqNOt6sy1HndBY=
github.com/yuin/gopher-lua v0.0.0-20220504180219-658193537a64 h1:5mLPGnFdSsevFRFc9q3yYbBkB6tsm4aCwwQV/j1JQAQ=
github.com/yuin/gopher-lua v0.0.0-20220504180219-658193537a64/go.mod h1:GBR0iDaNXjAgGg9zfCvksxSRnQx76gclCIb7kdAd1Pw=
golang.org/x/sys v0.1.0 h1:kunALQeHf1/185U1i0GOB/fy1IPRDDpuoOOqRReG57U=
golang.org/x/sys v0.1.0/go.mod h1:oPkhp1MJrh7nUepCBck5+mAzfO9JrbApNNgaTdGDITg=
gopkg.in/djherbis/times.v1 v1.3.0 h1:uxMS4iMtH6Pwsxog094W0FYldiNnfY/xba00vq6C2+o=
gopkg.in/djherbis/times.v1 v1.3.0/go.mod h1:AQlg6unIsrsCEdQYhTzERy542dz6SFdQFZFv6mUY0P8=
